
Microsoft Visual Studio Solution File, Format Version 12.00
# Visual Studio Version 17
VisualStudioVersion = 17.11.35327.3
MinimumVisualStudioVersion = 10.0.40219.1
Project("{FAE04EC0-301F-11D3-BF4B-00C04F79EFBC}") = "Temperaturas", "Temperaturas\Temperaturas.csproj", "{CA76D2C1-710D-4DC2-A881-DC9086231323}"
EndProject
Global
	GlobalSection(SolutionConfigurationPlatforms) = preSolution
		Debug|Any CPU = Debug|Any CPU
		Release|Any CPU = Release|Any CPU
	EndGlobalSection
	GlobalSection(ProjectConfigurationPlatforms) = postSolution
		{CA76D2C1-710D-4DC2-A881-DC9086231323}.Debug|Any CPU.ActiveCfg = Debug|Any CPU
		{CA76D2C1-710D-4DC2-A881-DC9086231323}.Debug|Any CPU.Build.0 = Debug|Any CPU
		{CA76D2C1-710D-4DC2-A881-DC9086231323}.Debug|Any CPU.Deploy.0 = Debug|Any CPU
		{CA76D2C1-710D-4DC2-A881-DC9086231323}.Release|Any CPU.ActiveCfg = Release|Any CPU
		{CA76D2C1-710D-4DC2-A881-DC9086231323}.Release|Any CPU.Build.0 = Release|Any CPU
		{CA76D2C1-710D-4DC2-A881-DC9086231323}.Release|Any CPU.Deploy.0 = Release|Any CPU
	EndGlobalSection
	GlobalSection(SolutionProperties) = preSolution
		HideSolutionNode = FALSE
	EndGlobalSection
	GlobalSection(ExtensibilityGlobals) = postSolution
		SolutionGuid = {43B78F31-4527-4606-82C5-BC1DB9DBED03}
	EndGlobalSection
EndGlobal
